{
  "markbot": "1246af5648a56fbc3fc1cbaeb9af6e39b8896808a0cbaf30050c77dde0603802",
  "markbotignore": "030a4e6e1b3b6b510514a7ae54576e2c2ef762d56236c6414ef634955d96a126",
  "index-320.png": "c54915c461833ba0f3380fadfe588121dd2d126b7b6469ebea1bd527a095705d",
  "index-400.png": "4639b856e0f1ebcd89d75de24aecc47371de62f087211421d54159b43e8d143e",
  "index-608.png": "bfcfdcf74cb394a96f0d02f9afdc700206c3e933f36f9018c6366063927aff97",
  "index-960.png": "87a1d6f7eaa164f7a90207a22818679d9cab25a1345a29deced516c66401d021",
  "index-1440.png": "a0e67a56148e27ebf4fb0ba75b291060e1a0ff984768d1baa51cc9a335cedbf3"
}